
Microsoft Visual Studio Solution File, Format Version 12.00
# Visual Studio Version 17
VisualStudioVersion = 17.10.35013.160
MinimumVisualStudioVersion = 10.0.40219.1
Project("{FAE04EC0-301F-11D3-BF4B-00C04F79EFBC}") = "WootenT_Playlist", "WootenT_Playlist.csproj", "{EB5F3B73-959C-4501-AABE-49892F63A965}"
EndProject
Global
	GlobalSection(SolutionConfigurationPlatforms) = preSolution
		Debug|Any CPU = Debug|Any CPU
		Release|Any CPU = Release|Any CPU
	EndGlobalSection
	GlobalSection(ProjectConfigurationPlatforms) = postSolution
		{EB5F3B73-959C-4501-AABE-49892F63A965}.Debug|Any CPU.ActiveCfg = Debug|Any CPU
		{EB5F3B73-959C-4501-AABE-49892F63A965}.Debug|Any CPU.Build.0 = Debug|Any CPU
		{EB5F3B73-959C-4501-AABE-49892F63A965}.Release|Any CPU.ActiveCfg = Release|Any CPU
		{EB5F3B73-959C-4501-AABE-49892F63A965}.Release|Any CPU.Build.0 = Release|Any CPU
	EndGlobalSection
	GlobalSection(SolutionProperties) = preSolution
		HideSolutionNode = FALSE
	EndGlobalSection
	GlobalSection(ExtensibilityGlobals) = postSolution
		SolutionGuid = {A05F3EC1-5F39-485C-8591-579CB8DF5E3C}
	EndGlobalSection
EndGlobal
